// !$*UTF8*$!
{
	archiveVersion = 1;
	classes = {
	};
	objectVersion = 55;
	objects = {

/* Begin PBXBuildFile section */
		0830ED09282A70B3001AC7F6 /* main.swift in Sources */ = {isa = PBXBuildFile; fileRef = 0830ED08282A70B3001AC7F6 /* main.swift */; };
		0830ED14282A8768001AC7F6 /* main.swift in Sources */ = {isa = PBXBuildFile; fileRef = 0830ED13282A8768001AC7F6 /* main.swift */; };
		087AAD892821440B006E7891 /* main.swift in Sources */ = {isa = PBXBuildFile; fileRef = 087AAD882821440B006E7891 /* main.swift */; };
		087AADA028214C85006E7891 /* main.swift in Sources */ = {isa = PBXBuildFile; fileRef = 087AAD9F28214C85006E7891 /* main.swift */; };
		08AB10EC28366B4F008EE298 /* main.swift in Sources */ = {isa = PBXBuildFile; fileRef = 08AB10EB28366B4F008EE298 /* main.swift */; };
		08AB10F7283BAF30008EE298 /* main.swift in Sources */ = {isa = PBXBuildFile; fileRef = 08AB10F6283BAF30008EE298 /* main.swift */; };
		93651EF527EF67F70076C7F8 /* main.swift in Sources */ = {isa = PBXBuildFile; fileRef = 93651EF427EF67F70076C7F8 /* main.swift */; };
		93651F0227EF68190076C7F8 /* main.swift in Sources */ = {isa = PBXBuildFile; fileRef = 93651F0127EF68190076C7F8 /* main.swift */; };
		93A4C211283526FB000BA8A7 /* main.swift in Sources */ = {isa = PBXBuildFile; fileRef = 93A4C210283526FB000BA8A7 /* main.swift */; };
		93A4C21C28379635000BA8A7 /* main.swift in Sources */ = {isa = PBXBuildFile; fileRef = 93A4C21B28379635000BA8A7 /* main.swift */; };
		93A847F42827CFEA00A1F1D4 /* main.swift in Sources */ = {isa = PBXBuildFile; fileRef = 93A847F32827CFEA00A1F1D4 /* main.swift */; };
		93A847FF2827F0D300A1F1D4 /* main.swift in Sources */ = {isa = PBXBuildFile; fileRef = 93A847FE2827F0D300A1F1D4 /* main.swift */; };
		93D0CCD0282BF0B20073B677 /* main.swift in Sources */ = {isa = PBXBuildFile; fileRef = 93D0CCCF282BF0B20073B677 /* main.swift */; };
/* End PBXBuildFile section */

/* Begin PBXCopyFilesBuildPhase section */
		0830ED04282A70B3001AC7F6 /* CopyFiles */ = {
			isa = PBXCopyFilesBuildPhase;
			buildActionMask = 2147483647;
			dstPath = /usr/share/man/man1/;
			dstSubfolderSpec = 0;
			files = (
			);
			runOnlyForDeploymentPostprocessing = 1;
		};
		0830ED0F282A8768001AC7F6 /* CopyFiles */ = {
			isa = PBXCopyFilesBuildPhase;
			buildActionMask = 2147483647;
			dstPath = /usr/share/man/man1/;
			dstSubfolderSpec = 0;
			files = (
			);
			runOnlyForDeploymentPostprocessing = 1;
		};
		087AAD842821440B006E7891 /* CopyFiles */ = {
			isa = PBXCopyFilesBuildPhase;
			buildActionMask = 2147483647;
			dstPath = /usr/share/man/man1/;
			dstSubfolderSpec = 0;
			files = (
			);
			runOnlyForDeploymentPostprocessing = 1;
		};
		087AAD9B28214C85006E7891 /* CopyFiles */ = {
			isa = PBXCopyFilesBuildPhase;
			buildActionMask = 2147483647;
			dstPath = /usr/share/man/man1/;
			dstSubfolderSpec = 0;
			files = (
			);
			runOnlyForDeploymentPostprocessing = 1;
		};
		08AB10E728366B4F008EE298 /* CopyFiles */ = {
			isa = PBXCopyFilesBuildPhase;
			buildActionMask = 2147483647;
			dstPath = /usr/share/man/man1/;
			dstSubfolderSpec = 0;
			files = (
			);
			runOnlyForDeploymentPostprocessing = 1;
		};
		08AB10F2283BAF30008EE298 /* CopyFiles */ = {
			isa = PBXCopyFilesBuildPhase;
			buildActionMask = 2147483647;
			dstPath = /usr/share/man/man1/;
			dstSubfolderSpec = 0;
			files = (
			);
			runOnlyForDeploymentPostprocessing = 1;
		};
		93651EEF27EF67F70076C7F8 /* CopyFiles */ = {
			isa = PBXCopyFilesBuildPhase;
			buildActionMask = 2147483647;
			dstPath = /usr/share/man/man1/;
			dstSubfolderSpec = 0;
			files = (
			);
			runOnlyForDeploymentPostprocessing = 1;
		};
		93651EFD27EF68190076C7F8 /* CopyFiles */ = {
			isa = PBXCopyFilesBuildPhase;
			buildActionMask = 2147483647;
			dstPath = /usr/share/man/man1/;
			dstSubfolderSpec = 0;
			files = (
			);
			runOnlyForDeploymentPostprocessing = 1;
		};
		93A4C20C283526FB000BA8A7 /* CopyFiles */ = {
			isa = PBXCopyFilesBuildPhase;
			buildActionMask = 2147483647;
			dstPath = /usr/share/man/man1/;
			dstSubfolderSpec = 0;
			files = (
			);
			runOnlyForDeploymentPostprocessing = 1;
		};
		93A4C21728379635000BA8A7 /* CopyFiles */ = {
			isa = PBXCopyFilesBuildPhase;
			buildActionMask = 2147483647;
			dstPath = /usr/share/man/man1/;
			dstSubfolderSpec = 0;
			files = (
			);
			runOnlyForDeploymentPostprocessing = 1;
		};
		93A847EF2827CFEA00A1F1D4 /* CopyFiles */ = {
			isa = PBXCopyFilesBuildPhase;
			buildActionMask = 2147483647;
			dstPath = /usr/share/man/man1/;
			dstSubfolderSpec = 0;
			files = (
			);
			runOnlyForDeploymentPostprocessing = 1;
		};
		93A847FA2827F0D300A1F1D4 /* CopyFiles */ = {
			isa = PBXCopyFilesBuildPhase;
			buildActionMask = 2147483647;
			dstPath = /usr/share/man/man1/;
			dstSubfolderSpec = 0;
			files = (
			);
			runOnlyForDeploymentPostprocessing = 1;
		};
		93D0CCCB282BF0B20073B677 /* CopyFiles */ = {
			isa = PBXCopyFilesBuildPhase;
			buildActionMask = 2147483647;
			dstPath = /usr/share/man/man1/;
			dstSubfolderSpec = 0;
			files = (
			);
			runOnlyForDeploymentPostprocessing = 1;
		};
/* End PBXCopyFilesBuildPhase section */

/* Begin PBXFileReference section */
		0830ED06282A70B3001AC7F6 /* FlowControl */ = {isa = PBXFileReference; explicitFileType = "compiled.mach-o.executable"; includeInIndex = 0; path = FlowControl; sourceTree = BUILT_PRODUCTS_DIR; };
		0830ED08282A70B3001AC7F6 /* main.swift */ = {isa = PBXFileReference; lastKnownFileType = sourcecode.swift; path = main.swift; sourceTree = "<group>"; };
		0830ED11282A8768001AC7F6 /* Function */ = {isa = PBXFileReference; explicitFileType = "compiled.mach-o.executable"; includeInIndex = 0; path = Function; sourceTree = BUILT_PRODUCTS_DIR; };
		0830ED13282A8768001AC7F6 /* main.swift */ = {isa = PBXFileReference; lastKnownFileType = sourcecode.swift; path = main.swift; sourceTree = "<group>"; };
		087AAD862821440B006E7891 /* varlet */ = {isa = PBXFileReference; explicitFileType = "compiled.mach-o.executable"; includeInIndex = 0; path = varlet; sourceTree = BUILT_PRODUCTS_DIR; };
		087AAD882821440B006E7891 /* main.swift */ = {isa = PBXFileReference; lastKnownFileType = sourcecode.swift; path = main.swift; sourceTree = "<group>"; };
		087AAD9D28214C85006E7891 /* DataTypeBasic */ = {isa = PBXFileReference; explicitFileType = "compiled.mach-o.executable"; includeInIndex = 0; path = DataTypeBasic; sourceTree = BUILT_PRODUCTS_DIR; };
		087AAD9F28214C85006E7891 /* main.swift */ = {isa = PBXFileReference; lastKnownFileType = sourcecode.swift; path = main.swift; sourceTree = "<group>"; };
		08AB10E928366B4F008EE298 /* Properties */ = {isa = PBXFileReference; explicitFileType = "compiled.mach-o.executable"; includeInIndex = 0; path = Properties; sourceTree = BUILT_PRODUCTS_DIR; };
		08AB10EB28366B4F008EE298 /* main.swift */ = {isa = PBXFileReference; lastKnownFileType = sourcecode.swift; path = main.swift; sourceTree = "<group>"; };
		08AB10F4283BAF30008EE298 /* Initializer */ = {isa = PBXFileReference; explicitFileType = "compiled.mach-o.executable"; includeInIndex = 0; path = Initializer; sourceTree = BUILT_PRODUCTS_DIR; };
		08AB10F6283BAF30008EE298 /* main.swift */ = {isa = PBXFileReference; lastKnownFileType = sourcecode.swift; path = main.swift; sourceTree = "<group>"; };
		93651EF127EF67F70076C7F8 /* SwiftProgramming */ = {isa = PBXFileReference; explicitFileType = "compiled.mach-o.executable"; includeInIndex = 0; path = SwiftProgramming; sourceTree = BUILT_PRODUCTS_DIR; };
		93651EF427EF67F70076C7F8 /* main.swift */ = {isa = PBXFileReference; lastKnownFileType = sourcecode.swift; path = main.swift; sourceTree = "<group>"; };
		93651EFF27EF68190076C7F8 /* print */ = {isa = PBXFileReference; explicitFileType = "compiled.mach-o.executable"; includeInIndex = 0; path = print; sourceTree = BUILT_PRODUCTS_DIR; };
		93651F0127EF68190076C7F8 /* main.swift */ = {isa = PBXFileReference; lastKnownFileType = sourcecode.swift; path = main.swift; sourceTree = "<group>"; };
		93A4C20E283526FB000BA8A7 /* StructAndClass */ = {isa = PBXFileReference; explicitFileType = "compiled.mach-o.executable"; includeInIndex = 0; path = StructAndClass; sourceTree = BUILT_PRODUCTS_DIR; };
		93A4C210283526FB000BA8A7 /* main.swift */ = {isa = PBXFileReference; lastKnownFileType = sourcecode.swift; path = main.swift; sourceTree = "<group>"; };
		93A4C21928379635000BA8A7 /* Method */ = {isa = PBXFileReference; explicitFileType = "compiled.mach-o.executable"; includeInIndex = 0; path = Method; sourceTree = BUILT_PRODUCTS_DIR; };
		93A4C21B28379635000BA8A7 /* main.swift */ = {isa = PBXFileReference; lastKnownFileType = sourcecode.swift; path = main.swift; sourceTree = "<group>"; };
		93A847F12827CFEA00A1F1D4 /* DataTypeAdvanced */ = {isa = PBXFileReference; explicitFileType = "compiled.mach-o.executable"; includeInIndex = 0; path = DataTypeAdvanced; sourceTree = BUILT_PRODUCTS_DIR; };
		93A847F32827CFEA00A1F1D4 /* main.swift */ = {isa = PBXFileReference; lastKnownFileType = sourcecode.swift; path = main.swift; sourceTree = "<group>"; };
		93A847FC2827F0D300A1F1D4 /* Operator */ = {isa = PBXFileReference; explicitFileType = "compiled.mach-o.executable"; includeInIndex = 0; path = Operator; sourceTree = BUILT_PRODUCTS_DIR; };
		93A847FE2827F0D300A1F1D4 /* main.swift */ = {isa = PBXFileReference; lastKnownFileType = sourcecode.swift; path = main.swift; sourceTree = "<group>"; };
		93D0CCCD282BF0B20073B677 /* Optionals */ = {isa = PBXFileReference; explicitFileType = "compiled.mach-o.executable"; includeInIndex = 0; path = Optionals; sourceTree = BUILT_PRODUCTS_DIR; };
		93D0CCCF282BF0B20073B677 /* main.swift */ = {isa = PBXFileReference; lastKnownFileType = sourcecode.swift; path = main.swift; sourceTree = "<group>"; };
/* End PBXFileReference section */

/* Begin PBXFrameworksBuildPhase section */
		0830ED03282A70B3001AC7F6 /* Frameworks */ = {
			isa = PBXFrameworksBuildPhase;
			buildActionMask = 2147483647;
			files = (
			);
			runOnlyForDeploymentPostprocessing = 0;
		};
		0830ED0E282A8768001AC7F6 /* Frameworks */ = {
			isa = PBXFrameworksBuildPhase;
			buildActionMask = 2147483647;
			files = (
			);
			runOnlyForDeploymentPostprocessing = 0;
		};
		087AAD832821440B006E7891 /* Frameworks */ = {
			isa = PBXFrameworksBuildPhase;
			buildActionMask = 2147483647;
			files = (
			);
			runOnlyForDeploymentPostprocessing = 0;
		};
		087AAD9A28214C85006E7891 /* Frameworks */ = {
			isa = PBXFrameworksBuildPhase;
			buildActionMask = 2147483647;
			files = (
			);
			runOnlyForDeploymentPostprocessing = 0;
		};
		08AB10E628366B4F008EE298 /* Frameworks */ = {
			isa = PBXFrameworksBuildPhase;
			buildActionMask = 2147483647;
			files = (
			);
			runOnlyForDeploymentPostprocessing = 0;
		};
		08AB10F1283BAF30008EE298 /* Frameworks */ = {
			isa = PBXFrameworksBuildPhase;
			buildActionMask = 2147483647;
			files = (
			);
			runOnlyForDeploymentPostprocessing = 0;
		};
		93651EEE27EF67F70076C7F8 /* Frameworks */ = {
			isa = PBXFrameworksBuildPhase;
			buildActionMask = 2147483647;
			files = (
			);
			runOnlyForDeploymentPostprocessing = 0;
		};
		93651EFC27EF68190076C7F8 /* Frameworks */ = {
			isa = PBXFrameworksBuildPhase;
			buildActionMask = 2147483647;
			files = (
			);
			runOnlyForDeploymentPostprocessing = 0;
		};
		93A4C20B283526FB000BA8A7 /* Frameworks */ = {
			isa = PBXFrameworksBuildPhase;
			buildActionMask = 2147483647;
			files = (
			);
			runOnlyForDeploymentPostprocessing = 0;
		};
		93A4C21628379635000BA8A7 /* Frameworks */ = {
			isa = PBXFrameworksBuildPhase;
			buildActionMask = 2147483647;
			files = (
			);
			runOnlyForDeploymentPostprocessing = 0;
		};
		93A847EE2827CFEA00A1F1D4 /* Frameworks */ = {
			isa = PBXFrameworksBuildPhase;
			buildActionMask = 2147483647;
			files = (
			);
			runOnlyForDeploymentPostprocessing = 0;
		};
		93A847F92827F0D300A1F1D4 /* Frameworks */ = {
			isa = PBXFrameworksBuildPhase;
			buildActionMask = 2147483647;
			files = (
			);
			runOnlyForDeploymentPostprocessing = 0;
		};
		93D0CCCA282BF0B20073B677 /* Frameworks */ = {
			isa = PBXFrameworksBuildPhase;
			buildActionMask = 2147483647;
			files = (
			);
			runOnlyForDeploymentPostprocessing = 0;
		};
/* End PBXFrameworksBuildPhase section */

/* Begin PBXGroup section */
		0830ED07282A70B3001AC7F6 /* FlowControl */ = {
			isa = PBXGroup;
			children = (
				0830ED08282A70B3001AC7F6 /* main.swift */,
			);
			path = FlowControl;
			sourceTree = "<group>";
		};
		0830ED12282A8768001AC7F6 /* Function */ = {
			isa = PBXGroup;
			children = (
				0830ED13282A8768001AC7F6 /* main.swift */,
			);
			path = Function;
			sourceTree = "<group>";
		};
		087AAD872821440B006E7891 /* varlet */ = {
			isa = PBXGroup;
			children = (
				087AAD882821440B006E7891 /* main.swift */,
			);
			path = varlet;
			sourceTree = "<group>";
		};
		087AAD9E28214C85006E7891 /* DataTypeBasic */ = {
			isa = PBXGroup;
			children = (
				087AAD9F28214C85006E7891 /* main.swift */,
			);
			path = DataTypeBasic;
			sourceTree = "<group>";
		};
		08AB10EA28366B4F008EE298 /* Properties */ = {
			isa = PBXGroup;
			children = (
				08AB10EB28366B4F008EE298 /* main.swift */,
			);
			path = Properties;
			sourceTree = "<group>";
		};
		08AB10F5283BAF30008EE298 /* Initializer */ = {
			isa = PBXGroup;
			children = (
				08AB10F6283BAF30008EE298 /* main.swift */,
			);
			path = Initializer;
			sourceTree = "<group>";
		};
		93651EE827EF67F70076C7F8 = {
			isa = PBXGroup;
			children = (
				93651EF327EF67F70076C7F8 /* SwiftProgramming */,
				93651F0027EF68190076C7F8 /* print */,
				087AAD872821440B006E7891 /* varlet */,
				087AAD9E28214C85006E7891 /* DataTypeBasic */,
				93A847F22827CFEA00A1F1D4 /* DataTypeAdvanced */,
				93A847FD2827F0D300A1F1D4 /* Operator */,
				0830ED07282A70B3001AC7F6 /* FlowControl */,
				0830ED12282A8768001AC7F6 /* Function */,
				93D0CCCE282BF0B20073B677 /* Optionals */,
				93A4C20F283526FB000BA8A7 /* StructAndClass */,
				08AB10EA28366B4F008EE298 /* Properties */,
				93A4C21A28379635000BA8A7 /* Method */,
				08AB10F5283BAF30008EE298 /* Initializer */,
				93651EF227EF67F70076C7F8 /* Products */,
			);
			sourceTree = "<group>";
		};
		93651EF227EF67F70076C7F8 /* Products */ = {
			isa = PBXGroup;
			children = (
				93651EF127EF67F70076C7F8 /* SwiftProgramming */,
				93651EFF27EF68190076C7F8 /* print */,
				087AAD862821440B006E7891 /* varlet */,
				087AAD9D28214C85006E7891 /* DataTypeBasic */,
				93A847F12827CFEA00A1F1D4 /* DataTypeAdvanced */,
				93A847FC2827F0D300A1F1D4 /* Operator */,
				0830ED06282A70B3001AC7F6 /* FlowControl */,
				0830ED11282A8768001AC7F6 /* Function */,
				93D0CCCD282BF0B20073B677 /* Optionals */,
				93A4C20E283526FB000BA8A7 /* StructAndClass */,
				08AB10E928366B4F008EE298 /* Properties */,
				93A4C21928379635000BA8A7 /* Method */,
				08AB10F4283BAF30008EE298 /* Initializer */,
			);
			name = Products;
			sourceTree = "<group>";
		};
		93651EF327EF67F70076C7F8 /* SwiftProgramming */ = {
			isa = PBXGroup;
			children = (
				93651EF427EF67F70076C7F8 /* main.swift */,
			);
			path = SwiftProgramming;
			sourceTree = "<group>";
		};
		93651F0027EF68190076C7F8 /* print */ = {
			isa = PBXGroup;
			children = (
				93651F0127EF68190076C7F8 /* main.swift */,
			);
			path = print;
			sourceTree = "<group>";
		};
		93A4C20F283526FB000BA8A7 /* StructAndClass */ = {
			isa = PBXGroup;
			children = (
				93A4C210283526FB000BA8A7 /* main.swift */,
			);
			path = StructAndClass;
			sourceTree = "<group>";
		};
		93A4C21A28379635000BA8A7 /* Method */ = {
			isa = PBXGroup;
			children = (
				93A4C21B28379635000BA8A7 /* main.swift */,
			);
			path = Method;
			sourceTree = "<group>";
		};
		93A847F22827CFEA00A1F1D4 /* DataTypeAdvanced */ = {
			isa = PBXGroup;
			children = (
				93A847F32827CFEA00A1F1D4 /* main.swift */,
			);
			path = DataTypeAdvanced;
			sourceTree = "<group>";
		};
		93A847FD2827F0D300A1F1D4 /* Operator */ = {
			isa = PBXGroup;
			children = (
				93A847FE2827F0D300A1F1D4 /* main.swift */,
			);
			path = Operator;
			sourceTree = "<group>";
		};
		93D0CCCE282BF0B20073B677 /* Optionals */ = {
			isa = PBXGroup;
			children = (
				93D0CCCF282BF0B20073B677 /* main.swift */,
			);
			path = Optionals;
			sourceTree = "<group>";
		};
/* End PBXGroup section */

/* Begin PBXNativeTarget section */
		0830ED05282A70B3001AC7F6 /* FlowControl */ = {
			isa = PBXNativeTarget;
			buildConfigurationList = 0830ED0C282A70B3001AC7F6 /* Build configuration list for PBXNativeTarget "FlowControl" */;
			buildPhases = (
				0830ED02282A70B3001AC7F6 /* Sources */,
				0830ED03282A70B3001AC7F6 /* Frameworks */,
				0830ED04282A70B3001AC7F6 /* CopyFiles */,
			);
			buildRules = (
			);
			dependencies = (
			);
			name = FlowControl;
			productName = FlowControl;
			productReference = 0830ED06282A70B3001AC7F6 /* FlowControl */;
			productType = "com.apple.product-type.tool";
		};
		0830ED10282A8768001AC7F6 /* Function */ = {
			isa = PBXNativeTarget;
			buildConfigurationList = 0830ED15282A8768001AC7F6 /* Build configuration list for PBXNativeTarget "Function" */;
			buildPhases = (
				0830ED0D282A8768001AC7F6 /* Sources */,
				0830ED0E282A8768001AC7F6 /* Frameworks */,
				0830ED0F282A8768001AC7F6 /* CopyFiles */,
			);
			buildRules = (
			);
			dependencies = (
			);
			name = Function;
			productName = Function;
			productReference = 0830ED11282A8768001AC7F6 /* Function */;
			productType = "com.apple.product-type.tool";
		};
		087AAD852821440B006E7891 /* varlet */ = {
			isa = PBXNativeTarget;
			buildConfigurationList = 087AAD8A2821440B006E7891 /* Build configuration list for PBXNativeTarget "varlet" */;
			buildPhases = (
				087AAD822821440B006E7891 /* Sources */,
				087AAD832821440B006E7891 /* Frameworks */,
				087AAD842821440B006E7891 /* CopyFiles */,
			);
			buildRules = (
			);
			dependencies = (
			);
			name = varlet;
			productName = varlet;
			productReference = 087AAD862821440B006E7891 /* varlet */;
			productType = "com.apple.product-type.tool";
		};
		087AAD9C28214C85006E7891 /* DataTypeBasic */ = {
			isa = PBXNativeTarget;
			buildConfigurationList = 087AADA128214C85006E7891 /* Build configuration list for PBXNativeTarget "DataTypeBasic" */;
			buildPhases = (
				087AAD9928214C85006E7891 /* Sources */,
				087AAD9A28214C85006E7891 /* Frameworks */,
				087AAD9B28214C85006E7891 /* CopyFiles */,
			);
			buildRules = (
			);
			dependencies = (
			);
			name = DataTypeBasic;
			productName = DataTypeBasic;
			productReference = 087AAD9D28214C85006E7891 /* DataTypeBasic */;
			productType = "com.apple.product-type.tool";
		};
		08AB10E828366B4F008EE298 /* Properties */ = {
			isa = PBXNativeTarget;
			buildConfigurationList = 08AB10ED28366B4F008EE298 /* Build configuration list for PBXNativeTarget "Properties" */;
			buildPhases = (
				08AB10E528366B4F008EE298 /* Sources */,
				08AB10E628366B4F008EE298 /* Frameworks */,
				08AB10E728366B4F008EE298 /* CopyFiles */,
			);
			buildRules = (
			);
			dependencies = (
			);
			name = Properties;
			productName = Properties;
			productReference = 08AB10E928366B4F008EE298 /* Properties */;
			productType = "com.apple.product-type.tool";
		};
		08AB10F3283BAF30008EE298 /* Initializer */ = {
			isa = PBXNativeTarget;
			buildConfigurationList = 08AB10FA283BAF30008EE298 /* Build configuration list for PBXNativeTarget "Initializer" */;
			buildPhases = (
				08AB10F0283BAF30008EE298 /* Sources */,
				08AB10F1283BAF30008EE298 /* Frameworks */,
				08AB10F2283BAF30008EE298 /* CopyFiles */,
			);
			buildRules = (
			);
			dependencies = (
			);
			name = Initializer;
			productName = Initializer;
			productReference = 08AB10F4283BAF30008EE298 /* Initializer */;
			productType = "com.apple.product-type.tool";
		};
		93651EF027EF67F70076C7F8 /* SwiftProgramming */ = {
			isa = PBXNativeTarget;
			buildConfigurationList = 93651EF827EF67F70076C7F8 /* Build configuration list for PBXNativeTarget "SwiftProgramming" */;
			buildPhases = (
				93651EED27EF67F70076C7F8 /* Sources */,
				93651EEE27EF67F70076C7F8 /* Frameworks */,
				93651EEF27EF67F70076C7F8 /* CopyFiles */,
			);
			buildRules = (
			);
			dependencies = (
			);
			name = SwiftProgramming;
			productName = SwiftProgramming;
			productReference = 93651EF127EF67F70076C7F8 /* SwiftProgramming */;
			productType = "com.apple.product-type.tool";
		};
		93651EFE27EF68190076C7F8 /* print */ = {
			isa = PBXNativeTarget;
			buildConfigurationList = 93651F0327EF68190076C7F8 /* Build configuration list for PBXNativeTarget "print" */;
			buildPhases = (
				93651EFB27EF68190076C7F8 /* Sources */,
				93651EFC27EF68190076C7F8 /* Frameworks */,
				93651EFD27EF68190076C7F8 /* CopyFiles */,
			);
			buildRules = (
			);
			dependencies = (
			);
			name = print;
			productName = print;
			productReference = 93651EFF27EF68190076C7F8 /* print */;
			productType = "com.apple.product-type.tool";
		};
		93A4C20D283526FB000BA8A7 /* StructAndClass */ = {
			isa = PBXNativeTarget;
			buildConfigurationList = 93A4C214283526FB000BA8A7 /* Build configuration list for PBXNativeTarget "StructAndClass" */;
			buildPhases = (
				93A4C20A283526FB000BA8A7 /* Sources */,
				93A4C20B283526FB000BA8A7 /* Frameworks */,
				93A4C20C283526FB000BA8A7 /* CopyFiles */,
			);
			buildRules = (
			);
			dependencies = (
			);
			name = StructAndClass;
			productName = StructAndClass;
			productReference = 93A4C20E283526FB000BA8A7 /* StructAndClass */;
			productType = "com.apple.product-type.tool";
		};
		93A4C21828379635000BA8A7 /* Method */ = {
			isa = PBXNativeTarget;
			buildConfigurationList = 93A4C21F28379635000BA8A7 /* Build configuration list for PBXNativeTarget "Method" */;
			buildPhases = (
				93A4C21528379635000BA8A7 /* Sources */,
				93A4C21628379635000BA8A7 /* Frameworks */,
				93A4C21728379635000BA8A7 /* CopyFiles */,
			);
			buildRules = (
			);
			dependencies = (
			);
			name = Method;
			productName = Method;
			productReference = 93A4C21928379635000BA8A7 /* Method */;
			productType = "com.apple.product-type.tool";
		};
		93A847F02827CFEA00A1F1D4 /* DataTypeAdvanced */ = {
			isa = PBXNativeTarget;
			buildConfigurationList = 93A847F72827CFEA00A1F1D4 /* Build configuration list for PBXNativeTarget "DataTypeAdvanced" */;
			buildPhases = (
				93A847ED2827CFEA00A1F1D4 /* Sources */,
				93A847EE2827CFEA00A1F1D4 /* Frameworks */,
				93A847EF2827CFEA00A1F1D4 /* CopyFiles */,
			);
			buildRules = (
			);
			dependencies = (
			);
			name = DataTypeAdvanced;
			productName = DataTypeAdvanced;
			productReference = 93A847F12827CFEA00A1F1D4 /* DataTypeAdvanced */;
			productType = "com.apple.product-type.tool";
		};
		93A847FB2827F0D300A1F1D4 /* Operator */ = {
			isa = PBXNativeTarget;
			buildConfigurationList = 93A848002827F0D300A1F1D4 /* Build configuration list for PBXNativeTarget "Operator" */;
			buildPhases = (
				93A847F82827F0D300A1F1D4 /* Sources */,
				93A847F92827F0D300A1F1D4 /* Frameworks */,
				93A847FA2827F0D300A1F1D4 /* CopyFiles */,
			);
			buildRules = (
			);
			dependencies = (
			);
			name = Operator;
			productName = Operator;
			productReference = 93A847FC2827F0D300A1F1D4 /* Operator */;
			productType = "com.apple.product-type.tool";
		};
		93D0CCCC282BF0B20073B677 /* Optionals */ = {
			isa = PBXNativeTarget;
			buildConfigurationList = 93D0CCD3282BF0B20073B677 /* Build configuration list for PBXNativeTarget "Optionals" */;
			buildPhases = (
				93D0CCC9282BF0B20073B677 /* Sources */,
				93D0CCCA282BF0B20073B677 /* Frameworks */,
				93D0CCCB282BF0B20073B677 /* CopyFiles */,
			);
			buildRules = (
			);
			dependencies = (
			);
			name = Optionals;
			productName = Optionals;
			productReference = 93D0CCCD282BF0B20073B677 /* Optionals */;
			productType = "com.apple.product-type.tool";
		};
/* End PBXNativeTarget section */

/* Begin PBXProject section */
		93651EE927EF67F70076C7F8 /* Project object */ = {
			isa = PBXProject;
			attributes = {
				BuildIndependentTargetsInParallel = 1;
				LastSwiftUpdateCheck = 1330;
				LastUpgradeCheck = 1330;
				TargetAttributes = {
					0830ED05282A70B3001AC7F6 = {
						CreatedOnToolsVersion = 13.1;
					};
					0830ED10282A8768001AC7F6 = {
						CreatedOnToolsVersion = 13.1;
					};
					087AAD852821440B006E7891 = {
						CreatedOnToolsVersion = 13.1;
					};
					087AAD9C28214C85006E7891 = {
						CreatedOnToolsVersion = 13.1;
					};
					08AB10E828366B4F008EE298 = {
						CreatedOnToolsVersion = 13.3.1;
					};
					08AB10F3283BAF30008EE298 = {
						CreatedOnToolsVersion = 13.3.1;
					};
					93651EF027EF67F70076C7F8 = {
						CreatedOnToolsVersion = 13.3;
					};
					93651EFE27EF68190076C7F8 = {
						CreatedOnToolsVersion = 13.3;
					};
					93A4C20D283526FB000BA8A7 = {
						CreatedOnToolsVersion = 13.4;
					};
					93A4C21828379635000BA8A7 = {
						CreatedOnToolsVersion = 13.4;
					};
					93A847F02827CFEA00A1F1D4 = {
						CreatedOnToolsVersion = 13.3.1;
					};
					93A847FB2827F0D300A1F1D4 = {
						CreatedOnToolsVersion = 13.3.1;
					};
					93D0CCCC282BF0B20073B677 = {
						CreatedOnToolsVersion = 13.3.1;
					};
				};
			};
			buildConfigurationList = 93651EEC27EF67F70076C7F8 /* Build configuration list for PBXProject "SwiftProgramming" */;
			compatibilityVersion = "Xcode 13.0";
			developmentRegion = en;
			hasScannedForEncodings = 0;
			knownRegions = (
				en,
				Base,
			);
			mainGroup = 93651EE827EF67F70076C7F8;
			productRefGroup = 93651EF227EF67F70076C7F8 /* Products */;
			projectDirPath = "";
			projectRoot = "";
			targets = (
				93651EF027EF67F70076C7F8 /* SwiftProgramming */,
				93651EFE27EF68190076C7F8 /* print */,
				087AAD852821440B006E7891 /* varlet */,
				087AAD9C28214C85006E7891 /* DataTypeBasic */,
				93A847F02827CFEA00A1F1D4 /* DataTypeAdvanced */,
				93A847FB2827F0D300A1F1D4 /* Operator */,
				0830ED05282A70B3001AC7F6 /* FlowControl */,
				0830ED10282A8768001AC7F6 /* Function */,
				93D0CCCC282BF0B20073B677 /* Optionals */,
				93A4C20D283526FB000BA8A7 /* StructAndClass */,
				08AB10E828366B4F008EE298 /* Properties */,
				93A4C21828379635000BA8A7 /* Method */,
				08AB10F3283BAF30008EE298 /* Initializer */,
			);
		};
/* End PBXProject section */

/* Begin PBXSourcesBuildPhase section */
		0830ED02282A70B3001AC7F6 /* Sources */ = {
			isa = PBXSourcesBuildPhase;
			buildActionMask = 2147483647;
			files = (
				0830ED09282A70B3001AC7F6 /* main.swift in Sources */,
			);
			runOnlyForDeploymentPostprocessing = 0;
		};
		0830ED0D282A8768001AC7F6 /* Sources */ = {
			isa = PBXSourcesBuildPhase;
			buildActionMask = 2147483647;
			files = (
				0830ED14282A8768001AC7F6 /* main.swift in Sources */,
			);
			runOnlyForDeploymentPostprocessing = 0;
		};
		087AAD822821440B006E7891 /* Sources */ = {
			isa = PBXSourcesBuildPhase;
			buildActionMask = 2147483647;
			files = (
				087AAD892821440B006E7891 /* main.swift in Sources */,
			);
			runOnlyForDeploymentPostprocessing = 0;
		};
		087AAD9928214C85006E7891 /* Sources */ = {
			isa = PBXSourcesBuildPhase;
			buildActionMask = 2147483647;
			files = (
				087AADA028214C85006E7891 /* main.swift in Sources */,
			);
			runOnlyForDeploymentPostprocessing = 0;
		};
		08AB10E528366B4F008EE298 /* Sources */ = {
			isa = PBXSourcesBuildPhase;
			buildActionMask = 2147483647;
			files = (
				08AB10EC28366B4F008EE298 /* main.swift in Sources */,
			);
			runOnlyForDeploymentPostprocessing = 0;
		};
		08AB10F0283BAF30008EE298 /* Sources */ = {
			isa = PBXSourcesBuildPhase;
			buildActionMask = 2147483647;
			files = (
				08AB10F7283BAF30008EE298 /* main.swift in Sources */,
			);
			runOnlyForDeploymentPostprocessing = 0;
		};
		93651EED27EF67F70076C7F8 /* Sources */ = {
			isa = PBXSourcesBuildPhase;
			buildActionMask = 2147483647;
			files = (
				93651EF527EF67F70076C7F8 /* main.swift in Sources */,
			);
			runOnlyForDeploymentPostprocessing = 0;
		};
		93651EFB27EF68190076C7F8 /* Sources */ = {
			isa = PBXSourcesBuildPhase;
			buildActionMask = 2147483647;
			files = (
				93651F0227EF68190076C7F8 /* main.swift in Sources */,
			);
			runOnlyForDeploymentPostprocessing = 0;
		};
		93A4C20A283526FB000BA8A7 /* Sources */ = {
			isa = PBXSourcesBuildPhase;
			buildActionMask = 2147483647;
			files = (
				93A4C211283526FB000BA8A7 /* main.swift in Sources */,
			);
			runOnlyForDeploymentPostprocessing = 0;
		};
		93A4C21528379635000BA8A7 /* Sources */ = {
			isa = PBXSourcesBuildPhase;
			buildActionMask = 2147483647;
			files = (
				93A4C21C28379635000BA8A7 /* main.swift in Sources */,
			);
			runOnlyForDeploymentPostprocessing = 0;
		};
		93A847ED2827CFEA00A1F1D4 /* Sources */ = {
			isa = PBXSourcesBuildPhase;
			buildActionMask = 2147483647;
			files = (
				93A847F42827CFEA00A1F1D4 /* main.swift in Sources */,
			);
			runOnlyForDeploymentPostprocessing = 0;
		};
		93A847F82827F0D300A1F1D4 /* Sources */ = {
			isa = PBXSourcesBuildPhase;
			buildActionMask = 2147483647;
			files = (
				93A847FF2827F0D300A1F1D4 /* main.swift in Sources */,
			);
			runOnlyForDeploymentPostprocessing = 0;
		};
		93D0CCC9282BF0B20073B677 /* Sources */ = {
			isa = PBXSourcesBuildPhase;
			buildActionMask = 2147483647;
			files = (
				93D0CCD0282BF0B20073B677 /* main.swift in Sources */,
			);
			runOnlyForDeploymentPostprocessing = 0;
		};
/* End PBXSourcesBuildPhase section */

/* Begin XCBuildConfiguration section */
		0830ED0A282A70B3001AC7F6 /* Debug */ = {
			isa = XCBuildConfiguration;
			buildSettings = {
				CLANG_CXX_LIBRARY = "libc++";
				CODE_SIGN_STYLE = Automatic;
				DEVELOPMENT_TEAM = W4V6WYCP8W;
				ENABLE_HARDENED_RUNTIME = YES;
				MACOSX_DEPLOYMENT_TARGET = 12.0;
				PRODUCT_NAME = "$(TARGET_NAME)";
				SWIFT_VERSION = 5.0;
			};
			name = Debug;
		};
		0830ED0B282A70B3001AC7F6 /* Release */ = {
			isa = XCBuildConfiguration;
			buildSettings = {
				CLANG_CXX_LIBRARY = "libc++";
				CODE_SIGN_STYLE = Automatic;
				DEVELOPMENT_TEAM = W4V6WYCP8W;
				ENABLE_HARDENED_RUNTIME = YES;
				MACOSX_DEPLOYMENT_TARGET = 12.0;
				PRODUCT_NAME = "$(TARGET_NAME)";
				SWIFT_VERSION = 5.0;
			};
			name = Release;
		};
		0830ED16282A8768001AC7F6 /* Debug */ = {
			isa = XCBuildConfiguration;
			buildSettings = {
				CLANG_CXX_LIBRARY = "libc++";
				CODE_SIGN_STYLE = Automatic;
				DEVELOPMENT_TEAM = W4V6WYCP8W;
				ENABLE_HARDENED_RUNTIME = YES;
				MACOSX_DEPLOYMENT_TARGET = 12.0;
				PRODUCT_NAME = "$(TARGET_NAME)";
				SWIFT_VERSION = 5.0;
			};
			name = Debug;
		};
		0830ED17282A8768001AC7F6 /* Release */ = {
			isa = XCBuildConfiguration;
			buildSettings = {
				CLANG_CXX_LIBRARY = "libc++";
				CODE_SIGN_STYLE = Automatic;
				DEVELOPMENT_TEAM = W4V6WYCP8W;
				ENABLE_HARDENED_RUNTIME = YES;
				MACOSX_DEPLOYMENT_TARGET = 12.0;
				PRODUCT_NAME = "$(TARGET_NAME)";
				SWIFT_VERSION = 5.0;
			};
			name = Release;
		};
		087AAD8B2821440B006E7891 /* Debug */ = {
			isa = XCBuildConfiguration;
			buildSettings = {
				CLANG_CXX_LIBRARY = "libc++";
				CODE_SIGN_STYLE = Automatic;
				DEVELOPMENT_TEAM = W4V6WYCP8W;
				ENABLE_HARDENED_RUNTIME = YES;
				MACOSX_DEPLOYMENT_TARGET = 12.0;
				PRODUCT_NAME = "$(TARGET_NAME)";
				SWIFT_VERSION = 5.0;
			};
			name = Debug;
		};
		087AAD8C2821440B006E7891 /* Release */ = {
			isa = XCBuildConfiguration;
			buildSettings = {
				CLANG_CXX_LIBRARY = "libc++";
				CODE_SIGN_STYLE = Automatic;
				DEVELOPMENT_TEAM = W4V6WYCP8W;
				ENABLE_HARDENED_RUNTIME = YES;
				MACOSX_DEPLOYMENT_TARGET = 12.0;
				PRODUCT_NAME = "$(TARGET_NAME)";
				SWIFT_VERSION = 5.0;
			};
			name = Release;
		};
		087AADA228214C85006E7891 /* Debug */ = {
			isa = XCBuildConfiguration;
			buildSettings = {
				CLANG_CXX_LIBRARY = "libc++";
				CODE_SIGN_STYLE = Automatic;
				DEVELOPMENT_TEAM = W4V6WYCP8W;
				ENABLE_HARDENED_RUNTIME = YES;
				MACOSX_DEPLOYMENT_TARGET = 12.0;
				PRODUCT_NAME = "$(TARGET_NAME)";
				SWIFT_VERSION = 5.0;
			};
			name = Debug;
		};
		087AADA328214C85006E7891 /* Release */ = {
			isa = XCBuildConfiguration;
			buildSettings = {
				CLANG_CXX_LIBRARY = "libc++";
				CODE_SIGN_STYLE = Automatic;
				DEVELOPMENT_TEAM = W4V6WYCP8W;
				ENABLE_HARDENED_RUNTIME = YES;
				MACOSX_DEPLOYMENT_TARGET = 12.0;
				PRODUCT_NAME = "$(TARGET_NAME)";
				SWIFT_VERSION = 5.0;
			};
			name = Release;
		};
		08AB10EE28366B4F008EE298 /* Debug */ = {
			isa = XCBuildConfiguration;
			buildSettings = {
				CODE_SIGN_STYLE = Automatic;
				DEVELOPMENT_TEAM = W4V6WYCP8W;
				ENABLE_HARDENED_RUNTIME = YES;
				MACOSX_DEPLOYMENT_TARGET = 12.0;
				PRODUCT_NAME = "$(TARGET_NAME)";
				SWIFT_VERSION = 5.0;
			};
			name = Debug;
		};
		08AB10EF28366B4F008EE298 /* Release */ = {
			isa = XCBuildConfiguration;
			buildSettings = {
				CODE_SIGN_STYLE = Automatic;
				DEVELOPMENT_TEAM = W4V6WYCP8W;
				ENABLE_HARDENED_RUNTIME = YES;
				MACOSX_DEPLOYMENT_TARGET = 12.0;
				PRODUCT_NAME = "$(TARGET_NAME)";
				SWIFT_VERSION = 5.0;
			};
			name = Release;
		};
		08AB10F8283BAF30008EE298 /* Debug */ = {
			isa = XCBuildConfiguration;
			buildSettings = {
				CODE_SIGN_STYLE = Automatic;
				DEVELOPMENT_TEAM = W4V6WYCP8W;
				ENABLE_HARDENED_RUNTIME = YES;
				MACOSX_DEPLOYMENT_TARGET = 12.0;
				PRODUCT_NAME = "$(TARGET_NAME)";
				SWIFT_VERSION = 5.0;
			};
			name = Debug;
		};
		08AB10F9283BAF30008EE298 /* Release */ = {
			isa = XCBuildConfiguration;
			buildSettings = {
				CODE_SIGN_STYLE = Automatic;
				DEVELOPMENT_TEAM = W4V6WYCP8W;
				ENABLE_HARDENED_RUNTIME = YES;
				MACOSX_DEPLOYMENT_TARGET = 12.0;
				PRODUCT_NAME = "$(TARGET_NAME)";
				SWIFT_VERSION = 5.0;
			};
			name = Release;
		};
		93651EF627EF67F70076C7F8 /* Debug */ = {
			isa = XCBuildConfiguration;
			buildSettings = {
				ALWAYS_SEARCH_USER_PATHS = NO;
				CLANG_ANALYZER_NONNULL = YES;
				CLANG_ANALYZER_NUMBER_OBJECT_CONVERSION = YES_AGGRESSIVE;
				CLANG_CXX_LANGUAGE_STANDARD = "gnu++17";
				CLANG_ENABLE_MODULES = YES;
				CLANG_ENABLE_OBJC_ARC = YES;
				CLANG_ENABLE_OBJC_WEAK = YES;
				CLANG_WARN_BLOCK_CAPTURE_AUTORELEASING = YES;
				CLANG_WARN_BOOL_CONVERSION = YES;
				CLANG_WARN_COMMA = YES;
				CLANG_WARN_CONSTANT_CONVERSION = YES;
				CLANG_WARN_DEPRECATED_OBJC_IMPLEMENTATIONS = YES;
				CLANG_WARN_DIRECT_OBJC_ISA_USAGE = YES_ERROR;
				CLANG_WARN_DOCUMENTATION_COMMENTS = YES;
				CLANG_WARN_EMPTY_BODY = YES;
				CLANG_WARN_ENUM_CONVERSION = YES;
				CLANG_WARN_INFINITE_RECURSION = YES;
				CLANG_WARN_INT_CONVERSION = YES;
				CLANG_WARN_NON_LITERAL_NULL_CONVERSION = YES;
				CLANG_WARN_OBJC_IMPLICIT_RETAIN_SELF = YES;
				CLANG_WARN_OBJC_LITERAL_CONVERSION = YES;
				CLANG_WARN_OBJC_ROOT_CLASS = YES_ERROR;
				CLANG_WARN_QUOTED_INCLUDE_IN_FRAMEWORK_HEADER = YES;
				CLANG_WARN_RANGE_LOOP_ANALYSIS = YES;
				CLANG_WARN_STRICT_PROTOTYPES = YES;
				CLANG_WARN_SUSPICIOUS_MOVE = YES;
				CLANG_WARN_UNGUARDED_AVAILABILITY = YES_AGGRESSIVE;
				CLANG_WARN_UNREACHABLE_CODE = YES;
				CLANG_WARN__DUPLICATE_METHOD_MATCH = YES;
				COPY_PHASE_STRIP = NO;
				DEBUG_INFORMATION_FORMAT = dwarf;
				ENABLE_STRICT_OBJC_MSGSEND = YES;
				ENABLE_TESTABILITY = YES;
				GCC_C_LANGUAGE_STANDARD = gnu11;
				GCC_DYNAMIC_NO_PIC = NO;
				GCC_NO_COMMON_BLOCKS = YES;
				GCC_OPTIMIZATION_LEVEL = 0;
				GCC_PREPROCESSOR_DEFINITIONS = (
					"DEBUG=1",
					"$(inherited)",
				);
				GCC_WARN_64_TO_32_BIT_CONVERSION = YES;
				GCC_WARN_ABOUT_RETURN_TYPE = YES_ERROR;
				GCC_WARN_UNDECLARED_SELECTOR = YES;
				GCC_WARN_UNINITIALIZED_AUTOS = YES_AGGRESSIVE;
				GCC_WARN_UNUSED_FUNCTION = YES;
				GCC_WARN_UNUSED_VARIABLE = YES;
				MACOSX_DEPLOYMENT_TARGET = 12.2;
				MTL_ENABLE_DEBUG_INFO = INCLUDE_SOURCE;
				MTL_FAST_MATH = YES;
				ONLY_ACTIVE_ARCH = YES;
				SDKROOT = macosx;
				SWIFT_ACTIVE_COMPILATION_CONDITIONS = DEBUG;
				SWIFT_OPTIMIZATION_LEVEL = "-Onone";
			};
			name = Debug;
		};
		93651EF727EF67F70076C7F8 /* Release */ = {
			isa = XCBuildConfiguration;
			buildSettings = {
				ALWAYS_SEARCH_USER_PATHS = NO;
				CLANG_ANALYZER_NONNULL = YES;
				CLANG_ANALYZER_NUMBER_OBJECT_CONVERSION = YES_AGGRESSIVE;
				CLANG_CXX_LANGUAGE_STANDARD = "gnu++17";
				CLANG_ENABLE_MODULES = YES;
				CLANG_ENABLE_OBJC_ARC = YES;
				CLANG_ENABLE_OBJC_WEAK = YES;
				CLANG_WARN_BLOCK_CAPTURE_AUTORELEASING = YES;
				CLANG_WARN_BOOL_CONVERSION = YES;
				CLANG_WARN_COMMA = YES;
				CLANG_WARN_CONSTANT_CONVERSION = YES;
				CLANG_WARN_DEPRECATED_OBJC_IMPLEMENTATIONS = YES;
				CLANG_WARN_DIRECT_OBJC_ISA_USAGE = YES_ERROR;
				CLANG_WARN_DOCUMENTATION_COMMENTS = YES;
				CLANG_WARN_EMPTY_BODY = YES;
				CLANG_WARN_ENUM_CONVERSION = YES;
				CLANG_WARN_INFINITE_RECURSION = YES;
				CLANG_WARN_INT_CONVERSION = YES;
				CLANG_WARN_NON_LITERAL_NULL_CONVERSION = YES;
				CLANG_WARN_OBJC_IMPLICIT_RETAIN_SELF = YES;
				CLANG_WARN_OBJC_LITERAL_CONVERSION = YES;
				CLANG_WARN_OBJC_ROOT_CLASS = YES_ERROR;
				CLANG_WARN_QUOTED_INCLUDE_IN_FRAMEWORK_HEADER = YES;
				CLANG_WARN_RANGE_LOOP_ANALYSIS = YES;
				CLANG_WARN_STRICT_PROTOTYPES = YES;
				CLANG_WARN_SUSPICIOUS_MOVE = YES;
				CLANG_WARN_UNGUARDED_AVAILABILITY = YES_AGGRESSIVE;
				CLANG_WARN_UNREACHABLE_CODE = YES;
				CLANG_WARN__DUPLICATE_METHOD_MATCH = YES;
				COPY_PHASE_STRIP = NO;
				DEBUG_INFORMATION_FORMAT = "dwarf-with-dsym";
				ENABLE_NS_ASSERTIONS = NO;
				ENABLE_STRICT_OBJC_MSGSEND = YES;
				GCC_C_LANGUAGE_STANDARD = gnu11;
				GCC_NO_COMMON_BLOCKS = YES;
				GCC_WARN_64_TO_32_BIT_CONVERSION = YES;
				GCC_WARN_ABOUT_RETURN_TYPE = YES_ERROR;
				GCC_WARN_UNDECLARED_SELECTOR = YES;
				GCC_WARN_UNINITIALIZED_AUTOS = YES_AGGRESSIVE;
				GCC_WARN_UNUSED_FUNCTION = YES;
				GCC_WARN_UNUSED_VARIABLE = YES;
				MACOSX_DEPLOYMENT_TARGET = 12.2;
				MTL_ENABLE_DEBUG_INFO = NO;
				MTL_FAST_MATH = YES;
				SDKROOT = macosx;
				SWIFT_COMPILATION_MODE = wholemodule;
				SWIFT_OPTIMIZATION_LEVEL = "-O";
			};
			name = Release;
		};
		93651EF927EF67F70076C7F8 /* Debug */ = {
			isa = XCBuildConfiguration;
			buildSettings = {
				CODE_SIGN_STYLE = Automatic;
				DEVELOPMENT_TEAM = W4V6WYCP8W;
				ENABLE_HARDENED_RUNTIME = YES;
				MACOSX_DEPLOYMENT_TARGET = 11.0;
				PRODUCT_NAME = "$(TARGET_NAME)";
				SWIFT_VERSION = 5.0;
			};
			name = Debug;
		};
		93651EFA27EF67F70076C7F8 /* Release */ = {
			isa = XCBuildConfiguration;
			buildSettings = {
				CODE_SIGN_STYLE = Automatic;
				DEVELOPMENT_TEAM = W4V6WYCP8W;
				ENABLE_HARDENED_RUNTIME = YES;
				MACOSX_DEPLOYMENT_TARGET = 11.0;
				PRODUCT_NAME = "$(TARGET_NAME)";
				SWIFT_VERSION = 5.0;
			};
			name = Release;
		};
		93651F0427EF68190076C7F8 /* Debug */ = {
			isa = XCBuildConfiguration;
			buildSettings = {
				CODE_SIGN_STYLE = Automatic;
				DEVELOPMENT_TEAM = W4V6WYCP8W;
				ENABLE_HARDENED_RUNTIME = YES;
				MACOSX_DEPLOYMENT_TARGET = 12.0;
				PRODUCT_NAME = "$(TARGET_NAME)";
				SWIFT_VERSION = 5.0;
			};
			name = Debug;
		};
		93651F0527EF68190076C7F8 /* Release */ = {
			isa = XCBuildConfiguration;
			buildSettings = {
				CODE_SIGN_STYLE = Automatic;
				DEVELOPMENT_TEAM = W4V6WYCP8W;
				ENABLE_HARDENED_RUNTIME = YES;
				MACOSX_DEPLOYMENT_TARGET = 12.0;
				PRODUCT_NAME = "$(TARGET_NAME)";
				SWIFT_VERSION = 5.0;
			};
			name = Release;
		};
		93A4C212283526FB000BA8A7 /* Debug */ = {
			isa = XCBuildConfiguration;
			buildSettings = {
				CODE_SIGN_STYLE = Automatic;
				DEVELOPMENT_TEAM = W4V6WYCP8W;
				ENABLE_HARDENED_RUNTIME = YES;
				MACOSX_DEPLOYMENT_TARGET = 12.3;
				PRODUCT_NAME = "$(TARGET_NAME)";
				SWIFT_VERSION = 5.0;
			};
			name = Debug;
		};
		93A4C213283526FB000BA8A7 /* Release */ = {
			isa = XCBuildConfiguration;
			buildSettings = {
				CODE_SIGN_STYLE = Automatic;
				DEVELOPMENT_TEAM = W4V6WYCP8W;
				ENABLE_HARDENED_RUNTIME = YES;
				MACOSX_DEPLOYMENT_TARGET = 12.3;
				PRODUCT_NAME = "$(TARGET_NAME)";
				SWIFT_VERSION = 5.0;
			};
			name = Release;
		};
		93A4C21D28379635000BA8A7 /* Debug */ = {
			isa = XCBuildConfiguration;
			buildSettings = {
				CODE_SIGN_STYLE = Automatic;
				DEVELOPMENT_TEAM = W4V6WYCP8W;
				ENABLE_HARDENED_RUNTIME = YES;
				MACOSX_DEPLOYMENT_TARGET = 11.0;
				PRODUCT_NAME = "$(TARGET_NAME)";
				SWIFT_VERSION = 5.0;
			};
			name = Debug;
		};
		93A4C21E28379635000BA8A7 /* Release */ = {
			isa = XCBuildConfiguration;
			buildSettings = {
				CODE_SIGN_STYLE = Automatic;
				DEVELOPMENT_TEAM = W4V6WYCP8W;
				ENABLE_HARDENED_RUNTIME = YES;
				MACOSX_DEPLOYMENT_TARGET = 11.0;
				PRODUCT_NAME = "$(TARGET_NAME)";
				SWIFT_VERSION = 5.0;
			};
			name = Release;
		};
		93A847F52827CFEA00A1F1D4 /* Debug */ = {
			isa = XCBuildConfiguration;
			buildSettings = {
				CODE_SIGN_STYLE = Automatic;
				DEVELOPMENT_TEAM = W4V6WYCP8W;
				ENABLE_HARDENED_RUNTIME = YES;
				MACOSX_DEPLOYMENT_TARGET = 12.3;
				PRODUCT_NAME = "$(TARGET_NAME)";
				SWIFT_VERSION = 5.0;
			};
			name = Debug;
		};
		93A847F62827CFEA00A1F1D4 /* Release */ = {
			isa = XCBuildConfiguration;
			buildSettings = {
				CODE_SIGN_STYLE = Automatic;
				DEVELOPMENT_TEAM = W4V6WYCP8W;
				ENABLE_HARDENED_RUNTIME = YES;
				MACOSX_DEPLOYMENT_TARGET = 12.3;
				PRODUCT_NAME = "$(TARGET_NAME)";
				SWIFT_VERSION = 5.0;
			};
			name = Release;
		};
		93A848012827F0D300A1F1D4 /* Debug */ = {
			isa = XCBuildConfiguration;
			buildSettings = {
				CODE_SIGN_STYLE = Automatic;
				DEVELOPMENT_TEAM = W4V6WYCP8W;
				ENABLE_HARDENED_RUNTIME = YES;
				MACOSX_DEPLOYMENT_TARGET = 12.3;
				PRODUCT_NAME = "$(TARGET_NAME)";
				SWIFT_VERSION = 5.0;
			};
			name = Debug;
		};
		93A848022827F0D300A1F1D4 /* Release */ = {
			isa = XCBuildConfiguration;
			buildSettings = {
				CODE_SIGN_STYLE = Automatic;
				DEVELOPMENT_TEAM = W4V6WYCP8W;
				ENABLE_HARDENED_RUNTIME = YES;
				MACOSX_DEPLOYMENT_TARGET = 12.3;
				PRODUCT_NAME = "$(TARGET_NAME)";
				SWIFT_VERSION = 5.0;
			};
			name = Release;
		};
		93D0CCD1282BF0B20073B677 /* Debug */ = {
			isa = XCBuildConfiguration;
			buildSettings = {
				CODE_SIGN_STYLE = Automatic;
				DEVELOPMENT_TEAM = W4V6WYCP8W;
				ENABLE_HARDENED_RUNTIME = YES;
				MACOSX_DEPLOYMENT_TARGET = 11.0;
				PRODUCT_NAME = "$(TARGET_NAME)";
				SWIFT_VERSION = 5.0;
			};
			name = Debug;
		};
		93D0CCD2282BF0B20073B677 /* Release */ = {
			isa = XCBuildConfiguration;
			buildSettings = {
				CODE_SIGN_STYLE = Automatic;
				DEVELOPMENT_TEAM = W4V6WYCP8W;
				ENABLE_HARDENED_RUNTIME = YES;
				MACOSX_DEPLOYMENT_TARGET = 11.0;
				PRODUCT_NAME = "$(TARGET_NAME)";
				SWIFT_VERSION = 5.0;
			};
			name = Release;
		};
/* End XCBuildConfiguration section */

/* Begin XCConfigurationList section */
		0830ED0C282A70B3001AC7F6 /* Build configuration list for PBXNativeTarget "FlowControl" */ = {
			isa = XCConfigurationList;
			buildConfigurations = (
				0830ED0A282A70B3001AC7F6 /* Debug */,
				0830ED0B282A70B3001AC7F6 /* Release */,
			);
			defaultConfigurationIsVisible = 0;
			defaultConfigurationName = Release;
		};
		0830ED15282A8768001AC7F6 /* Build configuration list for PBXNativeTarget "Function" */ = {
			isa = XCConfigurationList;
			buildConfigurations = (
				0830ED16282A8768001AC7F6 /* Debug */,
				0830ED17282A8768001AC7F6 /* Release */,
			);
			defaultConfigurationIsVisible = 0;
			defaultConfigurationName = Release;
		};
		087AAD8A2821440B006E7891 /* Build configuration list for PBXNativeTarget "varlet" */ = {
			isa = XCConfigurationList;
			buildConfigurations = (
				087AAD8B2821440B006E7891 /* Debug */,
				087AAD8C2821440B006E7891 /* Release */,
			);
			defaultConfigurationIsVisible = 0;
			defaultConfigurationName = Release;
		};
		087AADA128214C85006E7891 /* Build configuration list for PBXNativeTarget "DataTypeBasic" */ = {
			isa = XCConfigurationList;
			buildConfigurations = (
				087AADA228214C85006E7891 /* Debug */,
				087AADA328214C85006E7891 /* Release */,
			);
			defaultConfigurationIsVisible = 0;
			defaultConfigurationName = Release;
		};
		08AB10ED28366B4F008EE298 /* Build configuration list for PBXNativeTarget "Properties" */ = {
			isa = XCConfigurationList;
			buildConfigurations = (
				08AB10EE28366B4F008EE298 /* Debug */,
				08AB10EF28366B4F008EE298 /* Release */,
			);
			defaultConfigurationIsVisible = 0;
			defaultConfigurationName = Release;
		};
		08AB10FA283BAF30008EE298 /* Build configuration list for PBXNativeTarget "Initializer" */ = {
			isa = XCConfigurationList;
			buildConfigurations = (
				08AB10F8283BAF30008EE298 /* Debug */,
				08AB10F9283BAF30008EE298 /* Release */,
			);
			defaultConfigurationIsVisible = 0;
			defaultConfigurationName = Release;
		};
		93651EEC27EF67F70076C7F8 /* Build configuration list for PBXProject "SwiftProgramming" */ = {
			isa = XCConfigurationList;
			buildConfigurations = (
				93651EF627EF67F70076C7F8 /* Debug */,
				93651EF727EF67F70076C7F8 /* Release */,
			);
			defaultConfigurationIsVisible = 0;
			defaultConfigurationName = Release;
		};
		93651EF827EF67F70076C7F8 /* Build configuration list for PBXNativeTarget "SwiftProgramming" */ = {
			isa = XCConfigurationList;
			buildConfigurations = (
				93651EF927EF67F70076C7F8 /* Debug */,
				93651EFA27EF67F70076C7F8 /* Release */,
			);
			defaultConfigurationIsVisible = 0;
			defaultConfigurationName = Release;
		};
		93651F0327EF68190076C7F8 /* Build configuration list for PBXNativeTarget "print" */ = {
			isa = XCConfigurationList;
			buildConfigurations = (
				93651F0427EF68190076C7F8 /* Debug */,
				93651F0527EF68190076C7F8 /* Release */,
			);
			defaultConfigurationIsVisible = 0;
			defaultConfigurationName = Release;
		};
		93A4C214283526FB000BA8A7 /* Build configuration list for PBXNativeTarget "StructAndClass" */ = {
			isa = XCConfigurationList;
			buildConfigurations = (
				93A4C212283526FB000BA8A7 /* Debug */,
				93A4C213283526FB000BA8A7 /* Release */,
			);
			defaultConfigurationIsVisible = 0;
			defaultConfigurationName = Release;
		};
		93A4C21F28379635000BA8A7 /* Build configuration list for PBXNativeTarget "Method" */ = {
			isa = XCConfigurationList;
			buildConfigurations = (
				93A4C21D28379635000BA8A7 /* Debug */,
				93A4C21E28379635000BA8A7 /* Release */,
			);
			defaultConfigurationIsVisible = 0;
			defaultConfigurationName = Release;
		};
		93A847F72827CFEA00A1F1D4 /* Build configuration list for PBXNativeTarget "DataTypeAdvanced" */ = {
			isa = XCConfigurationList;
			buildConfigurations = (
				93A847F52827CFEA00A1F1D4 /* Debug */,
				93A847F62827CFEA00A1F1D4 /* Release */,
			);
			defaultConfigurationIsVisible = 0;
			defaultConfigurationName = Release;
		};
		93A848002827F0D300A1F1D4 /* Build configuration list for PBXNativeTarget "Operator" */ = {
			isa = XCConfigurationList;
			buildConfigurations = (
				93A848012827F0D300A1F1D4 /* Debug */,
				93A848022827F0D300A1F1D4 /* Release */,
			);
			defaultConfigurationIsVisible = 0;
			defaultConfigurationName = Release;
		};
		93D0CCD3282BF0B20073B677 /* Build configuration list for PBXNativeTarget "Optionals" */ = {
			isa = XCConfigurationList;
			buildConfigurations = (
				93D0CCD1282BF0B20073B677 /* Debug */,
				93D0CCD2282BF0B20073B677 /* Release */,
			);
			defaultConfigurationIsVisible = 0;
			defaultConfigurationName = Release;
		};
/* End XCConfigurationList section */
	};
	rootObject = 93651EE927EF67F70076C7F8 /* Project object */;
}
